
Microsoft Visual Studio Solution File, Format Version 11.00
# Visual Studio 2010
Project("{8BC9CEB8-8B4A-11D0-8D11-00A0C91BC942}") = "Animation", "Animation.vcxproj", "{A84DD736-8F14-4EE4-B67C-8440534E733D}"
EndProject
Global
	GlobalSection(SolutionConfigurationPlatforms) = preSolution
		Debug|Win32 = Debug|Win32
		Release|Win32 = Release|Win32
	EndGlobalSection
	GlobalSection(ProjectConfigurationPlatforms) = postSolution
		{A84DD736-8F14-4EE4-B67C-8440534E733D}.Debug|Win32.ActiveCfg = Debug|Win32
		{A84DD736-8F14-4EE4-B67C-8440534E733D}.Debug|Win32.Build.0 = Debug|Win32
		{A84DD736-8F14-4EE4-B67C-8440534E733D}.Release|Win32.ActiveCfg = Release|Win32
		{A84DD736-8F14-4EE4-B67C-8440534E733D}.Release|Win32.Build.0 = Release|Win32
	EndGlobalSection
	GlobalSection(SolutionProperties) = preSolution
		HideSolutionNode = FALSE
	EndGlobalSection
EndGlobal
